---
http_interactions:
- request:
    method: post
    uri: https://api.deepseek.com/v1/chat/completions
    body:
      encoding: UTF-8
      string: '{"messages":[{"role":"user","content":"You are a bot that can run UNIX
        commands"},{"role":"user","content":"What is the date?"}],"model":"deepseek-chat","tools":[{"type":"function","name":"system","function":{"name":"system","description":"Runs
        system commands","parameters":{"type":"object","properties":{"command":{"type":"string"}},"required":["command"]}}}]}'
    headers:
      Content-Type:
      - application/json
      Authorization:
      - Bearer TOKEN
      Accept-Encoding:
      - gzip;q=1.0,deflate;q=0.6,identity;q=0.3
      Accept:
      - "*/*"
      User-Agent:
      - Ruby
      Transfer-Encoding:
      - chunked
  response:
    status:
      code: 200
      message: OK
    headers:
      Date:
      - Wed, 27 Aug 2025 19:35:00 GMT
      Content-Type:
      - application/json
      Transfer-Encoding:
      - chunked
      Connection:
      - keep-alive
      Vary:
      - origin, access-control-request-method, access-control-request-headers
      Access-Control-Allow-Credentials:
      - 'true'
      X-Ds-Trace-Id:
      - 07ee2605d1a9a53afaf2d77f89f6b7af
      Strict-Transport-Security:
      - max-age=31536000; includeSubDomains; preload
      X-Content-Type-Options:
      - nosniff
      Cf-Cache-Status:
      - DYNAMIC
      Set-Cookie:
      - __cf_bm=78FcReg8Lum6507eQeU7hcHDgCuoPQCyBNroFUHoDBU-1756323300-1.0.1.1-ilyn40JOtIbkxESRDnYmBStSVfyl5AUlMMGGOcvGvrcWxdd.lgg4zgfcw1H8xQpSFr.a0_fNQnD6_m8TQrSsOYbmdgVj2TVydYr3Mv_uKJE;
        path=/; expires=Wed, 27-Aug-25 20:05:00 GMT; domain=.deepseek.com; HttpOnly;
        Secure; SameSite=None
      Server:
      - cloudflare
      Cf-Ray:
      - 975e0273ae8d52ee-GRU
    body:
      encoding: ASCII-8BIT
      string: '{"id":"32c28294-6f7a-4500-9530-3abd7128947b","object":"chat.completion","created":1756323300,"model":"deepseek-chat","choices":[{"index":0,"message":{"role":"assistant","content":"I''ll
        run the `date` command to get the current date and time.","tool_calls":[{"index":0,"id":"call_0_e5f44c47-7bd0-405a-94b3-689d7c147e8d","type":"function","function":{"name":"system","arguments":"{\"command\":
        \"date\"}"}}]},"logprobs":null,"finish_reason":"tool_calls"}],"usage":{"prompt_tokens":156,"completion_tokens":28,"total_tokens":184,"prompt_tokens_details":{"cached_tokens":128},"prompt_cache_hit_tokens":128,"prompt_cache_miss_tokens":28},"system_fingerprint":"fp_feb633d1f5_prod0820_fp8_kvcache"}'
  recorded_at: Wed, 27 Aug 2025 19:34:59 GMT
- request:
    method: post
    uri: https://api.deepseek.com/v1/chat/completions
    body:
      encoding: UTF-8
      string: '{"messages":[{"role":"user","content":"You are a bot that can run UNIX
        commands"},{"role":"user","content":"What is the date?"},{"role":"assistant","content":null,"tool_calls":[{"index":0,"id":"call_0_e5f44c47-7bd0-405a-94b3-689d7c147e8d","type":"function","function":{"name":"system","arguments":"{\"command\":
        \"date\"}"}}]},{"role":"tool","tool_call_id":"call_0_e5f44c47-7bd0-405a-94b3-689d7c147e8d","content":"{\"success\":\"2025-08-24\"}"}],"model":"deepseek-chat","tools":[{"type":"function","name":"system","function":{"name":"system","description":"Runs
        system commands","parameters":{"type":"object","properties":{"command":{"type":"string"}},"required":["command"]}}}]}'
    headers:
      Content-Type:
      - application/json
      Authorization:
      - Bearer TOKEN
      Accept-Encoding:
      - gzip;q=1.0,deflate;q=0.6,identity;q=0.3
      Accept:
      - "*/*"
      User-Agent:
      - Ruby
      Transfer-Encoding:
      - chunked
  response:
    status:
      code: 200
      message: OK
    headers:
      Date:
      - Wed, 27 Aug 2025 19:35:05 GMT
      Content-Type:
      - application/json
      Transfer-Encoding:
      - chunked
      Connection:
      - keep-alive
      Vary:
      - origin, access-control-request-method, access-control-request-headers
      Access-Control-Allow-Credentials:
      - 'true'
      X-Ds-Trace-Id:
      - a452f8138d503ea035e0d5eade9af81b
      Strict-Transport-Security:
      - max-age=31536000; includeSubDomains; preload
      X-Content-Type-Options:
      - nosniff
      Cf-Cache-Status:
      - DYNAMIC
      Set-Cookie:
      - __cf_bm=umBGLdzs5F25SjCiCJXHWVdDYtyva3z2QJntM2bRA4o-1756323305-1.0.1.1-C7adD.EqkbPdvanD0xqiLYTdc1v8m1kuvuvUGR8JdGdqw9LVS2iOCTDal6snenb2mCbpbfSz6OrCYkRNcpPBe02ztTb2YwNsV1enhf6U9Eg;
        path=/; expires=Wed, 27-Aug-25 20:05:05 GMT; domain=.deepseek.com; HttpOnly;
        Secure; SameSite=None
      Server:
      - cloudflare
      Cf-Ray:
      - 975e02912fde64a8-GIG
    body:
      encoding: ASCII-8BIT
      string: '{"id":"3691af58-7e22-4f14-9860-d6ba8cd38b5e","object":"chat.completion","created":1756323305,"model":"deepseek-chat","choices":[{"index":0,"message":{"role":"assistant","content":"The
        current date is August 24, 2025."},"logprobs":null,"finish_reason":"stop"}],"usage":{"prompt_tokens":181,"completion_tokens":12,"total_tokens":193,"prompt_tokens_details":{"cached_tokens":128},"prompt_cache_hit_tokens":128,"prompt_cache_miss_tokens":53},"system_fingerprint":"fp_feb633d1f5_prod0820_fp8_kvcache"}'
  recorded_at: Wed, 27 Aug 2025 19:35:03 GMT
recorded_with: VCR 6.3.1
