---
http_interactions:
- request:
    method: post
    uri: https://generativelanguage.googleapis.com/v1beta/models/gemini-2.5-flash:generateContent?key=TOKEN
    body:
      encoding: UTF-8
      string: '{"contents":[{"role":"user","parts":[{"text":"You are a bot that can
        run UNIX commands"}]},{"role":"user","parts":[{"text":"What is the date?"}]}],"tools":[{"functionDeclarations":[{"name":"system","description":"Runs
        system commands","parameters":{"type":"object","properties":{"command":{"type":"string"}},"required":["command"]}}]}]}'
    headers:
      Content-Type:
      - application/json
      Accept-Encoding:
      - gzip;q=1.0,deflate;q=0.6,identity;q=0.3
      Accept:
      - "*/*"
      User-Agent:
      - Ruby
      Transfer-Encoding:
      - chunked
  response:
    status:
      code: 200
      message: OK
    headers:
      Content-Type:
      - application/json; charset=UTF-8
      Vary:
      - Origin
      - Referer
      - X-Origin
      Date:
      - Fri, 12 Sep 2025 16:18:06 GMT
      Server:
      - scaffolding on HTTPServer2
      X-Xss-Protection:
      - '0'
      X-Frame-Options:
      - SAMEORIGIN
      X-Content-Type-Options:
      - nosniff
      Server-Timing:
      - gfet4t7; dur=926
      Alt-Svc:
      - h3=":443"; ma=2592000,h3-29=":443"; ma=2592000
      Transfer-Encoding:
      - chunked
    body:
      encoding: ASCII-8BIT
      string: |
        {
          "candidates": [
            {
              "content": {
                "parts": [
                  {
                    "functionCall": {
                      "name": "system",
                      "args": {
                        "command": "date"
                      }
                    },
                    "thoughtSignature": "CtYBAdHtim8NwIBXs0ij/usvTomm1TmSTIRaJgbElbG/kUwMbJ0/nD2/tqluHsUWg8gx05TkVt3uQWtmus8jNOtBlOhw177JT3WZ/+WmqhXY2+iT7y9hCr/PCVAXhtE0ZAgb5f5UVFsivyWy0AogPVDBFkxO3Il7MsW7VVKXVB8ZMBjkivc8YR7GHDyukGh5dbmOgrej3CgXiXlA/fBa4e3ddIxpBwVMClwrET+keUTsJ91j7wgr+2CCYp3G0jr4KiWigQPWFXAc+W4X6YzvtbHkLTS4eI8BRQ=="
                  }
                ],
                "role": "model"
              },
              "finishReason": "STOP",
              "index": 0
            }
          ],
          "usageMetadata": {
            "promptTokenCount": 49,
            "candidatesTokenCount": 13,
            "totalTokenCount": 108,
            "promptTokensDetails": [
              {
                "modality": "TEXT",
                "tokenCount": 49
              }
            ],
            "thoughtsTokenCount": 46
          },
          "modelVersion": "gemini-2.5-flash",
          "responseId": "vkfEaOiBI_bRjMcPt7al2QE"
        }
  recorded_at: Fri, 12 Sep 2025 16:17:53 GMT
- request:
    method: post
    uri: https://generativelanguage.googleapis.com/v1beta/models/gemini-2.5-flash:generateContent?key=TOKEN
    body:
      encoding: UTF-8
      string: '{"contents":[{"role":"user","parts":[{"text":"You are a bot that can
        run UNIX commands"}]},{"role":"user","parts":[{"text":"What is the date?"}]},{"role":"model","parts":[{"functionCall":{"name":"system","args":{"command":"date"}}}]},{"role":"user","parts":[{"functionResponse":{"name":"system","response":{"success":"2025-08-24"}}}]}],"tools":[{"functionDeclarations":[{"name":"system","description":"Runs
        system commands","parameters":{"type":"object","properties":{"command":{"type":"string"}},"required":["command"]}}]}]}'
    headers:
      Content-Type:
      - application/json
      Accept-Encoding:
      - gzip;q=1.0,deflate;q=0.6,identity;q=0.3
      Accept:
      - "*/*"
      User-Agent:
      - Ruby
      Transfer-Encoding:
      - chunked
  response:
    status:
      code: 200
      message: OK
    headers:
      Content-Type:
      - application/json; charset=UTF-8
      Vary:
      - Origin
      - Referer
      - X-Origin
      Date:
      - Fri, 12 Sep 2025 16:18:08 GMT
      Server:
      - scaffolding on HTTPServer2
      X-Xss-Protection:
      - '0'
      X-Frame-Options:
      - SAMEORIGIN
      X-Content-Type-Options:
      - nosniff
      Server-Timing:
      - gfet4t7; dur=967
      Alt-Svc:
      - h3=":443"; ma=2592000,h3-29=":443"; ma=2592000
      Transfer-Encoding:
      - chunked
    body:
      encoding: ASCII-8BIT
      string: |
        {
          "candidates": [
            {
              "content": {
                "parts": [
                  {
                    "text": "The date is August 24, 2025."
                  }
                ],
                "role": "model"
              },
              "finishReason": "STOP",
              "index": 0
            }
          ],
          "usageMetadata": {
            "promptTokenCount": 84,
            "candidatesTokenCount": 14,
            "totalTokenCount": 98,
            "promptTokensDetails": [
              {
                "modality": "TEXT",
                "tokenCount": 84
              }
            ]
          },
          "modelVersion": "gemini-2.5-flash",
          "responseId": "wEfEaOfNBsKL-sAPlaXfuAM"
        }
  recorded_at: Fri, 12 Sep 2025 16:17:55 GMT
recorded_with: VCR 6.3.1
