---
http_interactions:
- request:
    method: post
    uri: https://generativelanguage.googleapis.com/v1beta/models/gemini-2.5-flash:generateContent?key=TOKEN
    body:
      encoding: UTF-8
      string: '{"contents":[{"role":"user","parts":[{"text":"You are a bot that can
        run UNIX commands"}]},{"role":"user","parts":[{"text":"What is the date?"}]}],"tools":{"functionDeclarations":[{"name":"system","description":"Runs
        system commands","parameters":{"type":"object","properties":{"command":{"type":"string"}},"required":["command"]}}]}}'
    headers:
      Content-Type:
      - application/json
      Accept-Encoding:
      - gzip;q=1.0,deflate;q=0.6,identity;q=0.3
      Accept:
      - "*/*"
      User-Agent:
      - Ruby
      Transfer-Encoding:
      - chunked
  response:
    status:
      code: 200
      message: OK
    headers:
      Content-Type:
      - application/json; charset=UTF-8
      Vary:
      - Origin
      - Referer
      - X-Origin
      Date:
      - Mon, 25 Aug 2025 01:13:46 GMT
      Server:
      - scaffolding on HTTPServer2
      X-Xss-Protection:
      - '0'
      X-Frame-Options:
      - SAMEORIGIN
      X-Content-Type-Options:
      - nosniff
      Server-Timing:
      - gfet4t7; dur=1502
      Alt-Svc:
      - h3=":443"; ma=2592000,h3-29=":443"; ma=2592000
      Transfer-Encoding:
      - chunked
    body:
      encoding: ASCII-8BIT
      string: |
        {
          "candidates": [
            {
              "content": {
                "parts": [
                  {
                    "functionCall": {
                      "name": "system",
                      "args": {
                        "command": "date"
                      }
                    },
                    "thoughtSignature": "CsgBAVSoXO5eGjDhRmftemE9fU5RNV2Hw9/svLlLHhS0eOk/uJwBseMybGpOBWktLuzPAh5WSAQRGkR4FQPCGmYmUxQTPNsSWofMBvGoRo73S6/Aa3+swvXXBQX8tmS2sbgy9SgQDd5gI0F8Mddy9K/YffgDeT0FIx2qlBSW07JzxTMxd5kP2GdQpi3KT8ZQAoEcVaBjdBDUgdzcmc6hHw/4W+SnNppLS/xe8BFvhua6E50wJY2XV2Zii2EZR7jaVAhjYKpGsMg5AdU="
                  }
                ],
                "role": "model"
              },
              "finishReason": "STOP",
              "index": 0
            }
          ],
          "usageMetadata": {
            "promptTokenCount": 49,
            "candidatesTokenCount": 13,
            "totalTokenCount": 102,
            "promptTokensDetails": [
              {
                "modality": "TEXT",
                "tokenCount": 49
              }
            ],
            "thoughtsTokenCount": 40
          },
          "modelVersion": "gemini-2.5-flash",
          "responseId": "yriraNa7CvaMmtkPtp3H8AU"
        }
  recorded_at: Mon, 25 Aug 2025 01:12:57 GMT
- request:
    method: post
    uri: https://generativelanguage.googleapis.com/v1beta/models/gemini-2.5-flash:generateContent?key=TOKEN
    body:
      encoding: UTF-8
      string: '{"contents":[{"role":"user","parts":[{"text":"You are a bot that can
        run UNIX commands"}]},{"role":"user","parts":[{"text":"What is the date?"}]},{"role":"model","parts":[{"functionCall":{"name":"system","args":{"command":"date"}}}]},{"role":"user","parts":[{"text":"{\"success\":\"2025-08-24\"}"}]}],"tools":{"functionDeclarations":[{"name":"system","description":"Runs
        system commands","parameters":{"type":"object","properties":{"command":{"type":"string"}},"required":["command"]}}]}}'
    headers:
      Content-Type:
      - application/json
      Accept-Encoding:
      - gzip;q=1.0,deflate;q=0.6,identity;q=0.3
      Accept:
      - "*/*"
      User-Agent:
      - Ruby
      Transfer-Encoding:
      - chunked
  response:
    status:
      code: 200
      message: OK
    headers:
      Content-Type:
      - application/json; charset=UTF-8
      Vary:
      - Origin
      - Referer
      - X-Origin
      Date:
      - Mon, 25 Aug 2025 01:13:47 GMT
      Server:
      - scaffolding on HTTPServer2
      X-Xss-Protection:
      - '0'
      X-Frame-Options:
      - SAMEORIGIN
      X-Content-Type-Options:
      - nosniff
      Server-Timing:
      - gfet4t7; dur=725
      Alt-Svc:
      - h3=":443"; ma=2592000,h3-29=":443"; ma=2592000
      Transfer-Encoding:
      - chunked
    body:
      encoding: ASCII-8BIT
      string: |
        {
          "candidates": [
            {
              "content": {
                "parts": [
                  {
                    "text": "It looks like the date is August 24, 2025.\n"
                  }
                ],
                "role": "model"
              },
              "finishReason": "STOP",
              "index": 0
            }
          ],
          "usageMetadata": {
            "promptTokenCount": 78,
            "candidatesTokenCount": 17,
            "totalTokenCount": 95,
            "promptTokensDetails": [
              {
                "modality": "TEXT",
                "tokenCount": 78
              }
            ]
          },
          "modelVersion": "gemini-2.5-flash",
          "responseId": "y7iraNF5sIfPsg_2_7y5Aw"
        }
  recorded_at: Mon, 25 Aug 2025 01:12:58 GMT
recorded_with: VCR 6.3.1
