---
http_interactions:
- request:
    method: post
    uri: https://api.anthropic.com/v1/messages
    body:
      encoding: UTF-8
      string: '{"messages":[{"role":"user","content":[{"type":"text","text":"You are
        a bot that can run UNIX system commands"}]},{"role":"user","content":[{"type":"text","text":"Hey,
        tell me the date"}]}],"model":"claude-3-5-sonnet-20240620","max_tokens":1024,"tools":[{"name":"system","description":"Runs
        system commands","input_schema":{"type":"object","properties":{"command":{"type":"string"}},"required":["command"]}}]}'
    headers:
      Content-Type:
      - application/json
      X-Api-Key:
      - TOKEN
      Anthropic-Version:
      - '2023-06-01'
      Accept-Encoding:
      - gzip;q=1.0,deflate;q=0.6,identity;q=0.3
      Accept:
      - "*/*"
      User-Agent:
      - Ruby
      Transfer-Encoding:
      - chunked
  response:
    status:
      code: 200
      message: OK
    headers:
      Date:
      - Thu, 15 May 2025 02:02:26 GMT
      Content-Type:
      - application/json
      Transfer-Encoding:
      - chunked
      Connection:
      - keep-alive
      Anthropic-Ratelimit-Input-Tokens-Limit:
      - '40000'
      Anthropic-Ratelimit-Input-Tokens-Remaining:
      - '40000'
      Anthropic-Ratelimit-Input-Tokens-Reset:
      - '2025-05-15T02:02:24Z'
      Anthropic-Ratelimit-Output-Tokens-Limit:
      - '8000'
      Anthropic-Ratelimit-Output-Tokens-Remaining:
      - '8000'
      Anthropic-Ratelimit-Output-Tokens-Reset:
      - '2025-05-15T02:02:26Z'
      Anthropic-Ratelimit-Requests-Limit:
      - '50'
      Anthropic-Ratelimit-Requests-Remaining:
      - '49'
      Anthropic-Ratelimit-Requests-Reset:
      - '2025-05-15T02:02:22Z'
      Anthropic-Ratelimit-Tokens-Limit:
      - '48000'
      Anthropic-Ratelimit-Tokens-Remaining:
      - '48000'
      Anthropic-Ratelimit-Tokens-Reset:
      - '2025-05-15T02:02:24Z'
      Request-Id:
      - req_011CP8VXnoHFCYuvbrhraquv
      Strict-Transport-Security:
      - max-age=31536000; includeSubDomains; preload
      Anthropic-Organization-Id:
      - 89796e02-61da-4a75-b7ee-c55929f0d748
      Via:
      - 1.1 google
      Cf-Cache-Status:
      - DYNAMIC
      X-Robots-Tag:
      - none
      Server:
      - cloudflare
      Cf-Ray:
      - 93ff0d7b1f3b5731-GRU
    body:
      encoding: ASCII-8BIT
      string: '{"id":"msg_01E6rdDUePvLyDKBynnuY6om","type":"message","role":"assistant","model":"claude-3-5-sonnet-20240620","content":[{"type":"text","text":"Certainly!
        I can help you with that by running the appropriate UNIX command to display
        the current date. I''ll use the \"date\" command to fetch this information
        for you."},{"type":"tool_use","id":"toolu_017kgpjxFy4TRFkomxSbtfEL","name":"system","input":{"command":"date"}}],"stop_reason":"tool_use","stop_sequence":null,"usage":{"input_tokens":369,"cache_creation_input_tokens":0,"cache_read_input_tokens":0,"output_tokens":89}}'
  recorded_at: Thu, 15 May 2025 02:02:23 GMT
- request:
    method: post
    uri: https://api.anthropic.com/v1/messages
    body:
      encoding: UTF-8
      string: '{"messages":[{"role":"user","content":[{"type":"text","text":"You are
        a bot that can run UNIX system commands"}]},{"role":"user","content":[{"type":"text","text":"Hey,
        tell me the date"}]},{"role":"assistant","content":[{"type":"tool_use","id":"toolu_017kgpjxFy4TRFkomxSbtfEL","name":"system","input":{"command":"date"}}]},{"role":"user","content":[{"type":"tool_result","tool_use_id":"toolu_017kgpjxFy4TRFkomxSbtfEL","content":[{"type":"text","text":"true"}]}]}],"model":"claude-3-5-sonnet-20240620","max_tokens":1024,"tools":[{"name":"system","description":"Runs
        system commands","input_schema":{"type":"object","properties":{"command":{"type":"string"}},"required":["command"]}}]}'
    headers:
      Content-Type:
      - application/json
      X-Api-Key:
      - TOKEN
      Anthropic-Version:
      - '2023-06-01'
      Accept-Encoding:
      - gzip;q=1.0,deflate;q=0.6,identity;q=0.3
      Accept:
      - "*/*"
      User-Agent:
      - Ruby
      Transfer-Encoding:
      - chunked
  response:
    status:
      code: 200
      message: OK
    headers:
      Date:
      - Thu, 15 May 2025 02:02:38 GMT
      Content-Type:
      - application/json
      Transfer-Encoding:
      - chunked
      Connection:
      - keep-alive
      Anthropic-Ratelimit-Input-Tokens-Limit:
      - '40000'
      Anthropic-Ratelimit-Input-Tokens-Remaining:
      - '40000'
      Anthropic-Ratelimit-Input-Tokens-Reset:
      - '2025-05-15T02:02:38Z'
      Anthropic-Ratelimit-Output-Tokens-Limit:
      - '8000'
      Anthropic-Ratelimit-Output-Tokens-Remaining:
      - '8000'
      Anthropic-Ratelimit-Output-Tokens-Reset:
      - '2025-05-15T02:02:38Z'
      Anthropic-Ratelimit-Requests-Limit:
      - '50'
      Anthropic-Ratelimit-Requests-Remaining:
      - '49'
      Anthropic-Ratelimit-Requests-Reset:
      - '2025-05-15T02:02:27Z'
      Anthropic-Ratelimit-Tokens-Limit:
      - '48000'
      Anthropic-Ratelimit-Tokens-Remaining:
      - '48000'
      Anthropic-Ratelimit-Tokens-Reset:
      - '2025-05-15T02:02:38Z'
      Request-Id:
      - req_011CP8VY9q4ziC6H4WsJC1zH
      Strict-Transport-Security:
      - max-age=31536000; includeSubDomains; preload
      Anthropic-Organization-Id:
      - 89796e02-61da-4a75-b7ee-c55929f0d748
      Via:
      - 1.1 google
      Cf-Cache-Status:
      - DYNAMIC
      X-Robots-Tag:
      - none
      Server:
      - cloudflare
      Cf-Ray:
      - 93ff0d99bbd9a50d-GRU
    body:
      encoding: ASCII-8BIT
      string: '{"id":"msg_01T6MD2r89rDm4x7uCZ5whJ3","type":"message","role":"assistant","model":"claude-3-5-sonnet-20240620","content":[],"stop_reason":"end_turn","stop_sequence":null,"usage":{"input_tokens":433,"cache_creation_input_tokens":0,"cache_read_input_tokens":0,"output_tokens":3}}'
  recorded_at: Thu, 15 May 2025 02:02:36 GMT
recorded_with: VCR 6.3.1
