---
http_interactions:
- request:
    method: post
    uri: https://api.anthropic.com/v1/messages
    body:
      encoding: UTF-8
      string: '{"messages":[{"role":"user","content":[{"type":"text","text":"You are
        a bot that can run UNIX system commands"}]},{"role":"user","content":[{"type":"text","text":"Hey,
        run the ''date'' command"}]}],"model":"claude-sonnet-4-20250514","max_tokens":1024,"tools":[{"name":"system","description":"Runs
        system commands","input_schema":{"type":"object","properties":{"command":{"type":"string"}},"required":["command"]}}]}'
    headers:
      Content-Type:
      - application/json
      X-Api-Key:
      - TOKEN
      Anthropic-Version:
      - '2023-06-01'
      Accept-Encoding:
      - gzip;q=1.0,deflate;q=0.6,identity;q=0.3
      Accept:
      - "*/*"
      User-Agent:
      - Ruby
      Transfer-Encoding:
      - chunked
  response:
    status:
      code: 200
      message: OK
    headers:
      Date:
      - Wed, 23 Jul 2025 04:31:10 GMT
      Content-Type:
      - application/json
      Transfer-Encoding:
      - chunked
      Connection:
      - keep-alive
      Anthropic-Ratelimit-Input-Tokens-Limit:
      - '30000'
      Anthropic-Ratelimit-Input-Tokens-Remaining:
      - '30000'
      Anthropic-Ratelimit-Input-Tokens-Reset:
      - '2025-07-23T04:31:09Z'
      Anthropic-Ratelimit-Output-Tokens-Limit:
      - '8000'
      Anthropic-Ratelimit-Output-Tokens-Remaining:
      - '8000'
      Anthropic-Ratelimit-Output-Tokens-Reset:
      - '2025-07-23T04:31:10Z'
      Anthropic-Ratelimit-Requests-Limit:
      - '50'
      Anthropic-Ratelimit-Requests-Remaining:
      - '49'
      Anthropic-Ratelimit-Requests-Reset:
      - '2025-07-23T04:31:09Z'
      Anthropic-Ratelimit-Tokens-Limit:
      - '38000'
      Anthropic-Ratelimit-Tokens-Remaining:
      - '38000'
      Anthropic-Ratelimit-Tokens-Reset:
      - '2025-07-23T04:31:09Z'
      Request-Id:
      - req_011CRPKh3Xdp6N8EjyEVMjRc
      Strict-Transport-Security:
      - max-age=31536000; includeSubDomains; preload
      Anthropic-Organization-Id:
      - 89796e02-61da-4a75-b7ee-c55929f0d748
      Via:
      - 1.1 google
      Cf-Cache-Status:
      - DYNAMIC
      X-Robots-Tag:
      - none
      Server:
      - cloudflare
      Cf-Ray:
      - 9638724cab0d876b-GRU
    body:
      encoding: ASCII-8BIT
      string: '{"id":"msg_01GVQPENo9wrRCTLLjBXtR86","type":"message","role":"assistant","model":"claude-sonnet-4-20250514","content":[{"type":"text","text":"I''ll
        run the ''date'' command for you."},{"type":"tool_use","id":"toolu_013hpNKWFCSKwaZA7Bq7N9Y3","name":"system","input":{"command":"date"}}],"stop_reason":"tool_use","stop_sequence":null,"usage":{"input_tokens":391,"cache_creation_input_tokens":0,"cache_read_input_tokens":0,"output_tokens":64,"service_tier":"standard"}}'
  recorded_at: Wed, 23 Jul 2025 04:30:37 GMT
- request:
    method: post
    uri: https://api.anthropic.com/v1/messages
    body:
      encoding: UTF-8
      string: '{"messages":[{"role":"user","content":[{"type":"text","text":"You are
        a bot that can run UNIX system commands"}]},{"role":"user","content":[{"type":"text","text":"Hey,
        run the ''date'' command"}]},{"role":"assistant","content":[{"type":"tool_use","id":"toolu_013hpNKWFCSKwaZA7Bq7N9Y3","name":"system","input":{"command":"date"}}]},{"role":"user","content":[{"type":"tool_result","tool_use_id":"toolu_013hpNKWFCSKwaZA7Bq7N9Y3","content":[{"type":"text","text":"{\"success\":true}"}]}]}],"model":"claude-sonnet-4-20250514","max_tokens":1024,"tools":[{"name":"system","description":"Runs
        system commands","input_schema":{"type":"object","properties":{"command":{"type":"string"}},"required":["command"]}}]}'
    headers:
      Content-Type:
      - application/json
      X-Api-Key:
      - TOKEN
      Anthropic-Version:
      - '2023-06-01'
      Accept-Encoding:
      - gzip;q=1.0,deflate;q=0.6,identity;q=0.3
      Accept:
      - "*/*"
      User-Agent:
      - Ruby
      Transfer-Encoding:
      - chunked
  response:
    status:
      code: 200
      message: OK
    headers:
      Date:
      - Wed, 23 Jul 2025 04:31:13 GMT
      Content-Type:
      - application/json
      Transfer-Encoding:
      - chunked
      Connection:
      - keep-alive
      Anthropic-Ratelimit-Input-Tokens-Limit:
      - '30000'
      Anthropic-Ratelimit-Input-Tokens-Remaining:
      - '30000'
      Anthropic-Ratelimit-Input-Tokens-Reset:
      - '2025-07-23T04:31:11Z'
      Anthropic-Ratelimit-Output-Tokens-Limit:
      - '8000'
      Anthropic-Ratelimit-Output-Tokens-Remaining:
      - '8000'
      Anthropic-Ratelimit-Output-Tokens-Reset:
      - '2025-07-23T04:31:13Z'
      Anthropic-Ratelimit-Requests-Limit:
      - '50'
      Anthropic-Ratelimit-Requests-Remaining:
      - '49'
      Anthropic-Ratelimit-Requests-Reset:
      - '2025-07-23T04:31:11Z'
      Anthropic-Ratelimit-Tokens-Limit:
      - '38000'
      Anthropic-Ratelimit-Tokens-Remaining:
      - '38000'
      Anthropic-Ratelimit-Tokens-Reset:
      - '2025-07-23T04:31:11Z'
      Request-Id:
      - req_011CRPKhAVLV3LNNYV8QSVua
      Strict-Transport-Security:
      - max-age=31536000; includeSubDomains; preload
      Anthropic-Organization-Id:
      - 89796e02-61da-4a75-b7ee-c55929f0d748
      Via:
      - 1.1 google
      Cf-Cache-Status:
      - DYNAMIC
      X-Robots-Tag:
      - none
      Server:
      - cloudflare
      Cf-Ray:
      - 963872592e711b20-GRU
    body:
      encoding: ASCII-8BIT
      string: '{"id":"msg_01VkiAUtV93i7WjZ3E7CBCvu","type":"message","role":"assistant","model":"claude-sonnet-4-20250514","content":[{"type":"text","text":"I''ve
        executed the `date` command successfully. However, it seems the output wasn''t
        captured in the response. The `date` command typically displays the current
        date and time in the system''s default format. If you need to see the actual
        output or want to run it with specific formatting options, please let me know!"}],"stop_reason":"end_turn","stop_sequence":null,"usage":{"input_tokens":459,"cache_creation_input_tokens":0,"cache_read_input_tokens":0,"output_tokens":68,"service_tier":"standard"}}'
  recorded_at: Wed, 23 Jul 2025 04:30:39 GMT
recorded_with: VCR 6.3.1
