---
http_interactions:
- request:
    method: post
    uri: https://api.openai.com/v1/chat/completions
    body:
      encoding: UTF-8
      string: '{"messages":[{"role":"user","content":[{"type":"text","text":"You are
        a bot that can run UNIX system commands"}]},{"role":"user","content":[{"type":"text","text":"Hey,
        tell me the date"}]}],"model":"gpt-4o-mini","tools":[{"type":"function","name":"system","function":{"name":"system","description":"Runs
        system commands","parameters":{"type":"object","properties":{"command":{"type":"string"}},"required":["command"]}}}]}'
    headers:
      Content-Type:
      - application/json
      Authorization:
      - Bearer TOKEN
      Accept-Encoding:
      - gzip;q=1.0,deflate;q=0.6,identity;q=0.3
      Accept:
      - "*/*"
      User-Agent:
      - Ruby
      Transfer-Encoding:
      - chunked
  response:
    status:
      code: 200
      message: OK
    headers:
      Date:
      - Thu, 15 May 2025 01:56:48 GMT
      Content-Type:
      - application/json
      Transfer-Encoding:
      - chunked
      Connection:
      - keep-alive
      Access-Control-Expose-Headers:
      - X-Request-ID
      Openai-Organization:
      - user-j1pztzt5nogpcsid23u7gskj
      Openai-Processing-Ms:
      - '403'
      Openai-Version:
      - '2020-10-01'
      X-Envoy-Upstream-Service-Time:
      - '406'
      X-Ratelimit-Limit-Requests:
      - '10000'
      X-Ratelimit-Limit-Tokens:
      - '200000'
      X-Ratelimit-Remaining-Requests:
      - '9999'
      X-Ratelimit-Remaining-Tokens:
      - '199980'
      X-Ratelimit-Reset-Requests:
      - 8.64s
      X-Ratelimit-Reset-Tokens:
      - 6ms
      X-Request-Id:
      - req_8f98acb848fe443ad85fc25ae5c9d366
      Strict-Transport-Security:
      - max-age=31536000; includeSubDomains; preload
      Cf-Cache-Status:
      - DYNAMIC
      Set-Cookie:
      - __cf_bm=XJTT9YjRVKwfi3Ffhgy1ziHhqNuYeOjyGsxzD.8Ho6g-1747274208-1.0.1.1-1do2CpcDeE3ug0SiuxIMhGf2E7AGcW44rytHwSn1S98vq3I1dMLe_tj.NIgDFzSK__tODe_C5nSamU3ooMYl00k9biy863IEAgk6597.lf0;
        path=/; expires=Thu, 15-May-25 02:26:48 GMT; domain=.api.openai.com; HttpOnly;
        Secure; SameSite=None
      - _cfuvid=61XilfGNEAdZ0V9mHPNJoAowJWFR4oj6k4bkXsiR4O0-1747274208954-0.0.1.1-604800000;
        path=/; domain=.api.openai.com; HttpOnly; Secure; SameSite=None
      X-Content-Type-Options:
      - nosniff
      Server:
      - cloudflare
      Cf-Ray:
      - 93ff0556eebecdc3-GRU
      Alt-Svc:
      - h3=":443"; ma=86400
    body:
      encoding: ASCII-8BIT
      string: |
        {
          "id": "chatcmpl-BXI80hPfn41wyTV8ziX4C1OQW4a5N",
          "object": "chat.completion",
          "created": 1747274208,
          "model": "gpt-4o-mini-2024-07-18",
          "choices": [
            {
              "index": 0,
              "message": {
                "role": "assistant",
                "content": null,
                "tool_calls": [
                  {
                    "id": "call_xWotir25ZEdmPV1FGcqMrRGl",
                    "type": "function",
                    "function": {
                      "name": "system",
                      "arguments": "{\"command\":\"date\"}"
                    }
                  }
                ],
                "refusal": null,
                "annotations": []
              },
              "logprobs": null,
              "finish_reason": "tool_calls"
            }
          ],
          "usage": {
            "prompt_tokens": 60,
            "completion_tokens": 14,
            "total_tokens": 74,
            "prompt_tokens_details": {
              "cached_tokens": 0,
              "audio_tokens": 0
            },
            "completion_tokens_details": {
              "reasoning_tokens": 0,
              "audio_tokens": 0,
              "accepted_prediction_tokens": 0,
              "rejected_prediction_tokens": 0
            }
          },
          "service_tier": "default",
          "system_fingerprint": "fp_0392822090"
        }
  recorded_at: Thu, 15 May 2025 01:56:46 GMT
- request:
    method: post
    uri: https://api.openai.com/v1/chat/completions
    body:
      encoding: UTF-8
      string: '{"messages":[{"role":"user","content":[{"type":"text","text":"You are
        a bot that can run UNIX system commands"}]},{"role":"user","content":[{"type":"text","text":"Hey,
        tell me the date"}]},{"role":"assistant","content":null,"tool_calls":[{"id":"call_xWotir25ZEdmPV1FGcqMrRGl","type":"function","function":{"name":"system","arguments":"{\"command\":\"date\"}"}}]},{"role":"tool","tool_call_id":"call_xWotir25ZEdmPV1FGcqMrRGl","content":"true"}],"model":"gpt-4o-mini","tools":[{"type":"function","name":"system","function":{"name":"system","description":"Runs
        system commands","parameters":{"type":"object","properties":{"command":{"type":"string"}},"required":["command"]}}}]}'
    headers:
      Content-Type:
      - application/json
      Authorization:
      - Bearer TOKEN
      Accept-Encoding:
      - gzip;q=1.0,deflate;q=0.6,identity;q=0.3
      Accept:
      - "*/*"
      User-Agent:
      - Ruby
      Transfer-Encoding:
      - chunked
  response:
    status:
      code: 200
      message: OK
    headers:
      Date:
      - Thu, 15 May 2025 01:56:50 GMT
      Content-Type:
      - application/json
      Transfer-Encoding:
      - chunked
      Connection:
      - keep-alive
      Access-Control-Expose-Headers:
      - X-Request-ID
      Openai-Organization:
      - user-j1pztzt5nogpcsid23u7gskj
      Openai-Processing-Ms:
      - '709'
      Openai-Version:
      - '2020-10-01'
      X-Envoy-Upstream-Service-Time:
      - '713'
      X-Ratelimit-Limit-Requests:
      - '10000'
      X-Ratelimit-Limit-Tokens:
      - '200000'
      X-Ratelimit-Remaining-Requests:
      - '9998'
      X-Ratelimit-Remaining-Tokens:
      - '199977'
      X-Ratelimit-Reset-Requests:
      - 16.409s
      X-Ratelimit-Reset-Tokens:
      - 6ms
      X-Request-Id:
      - req_2821346d81ca4059b733e45dc334be92
      Strict-Transport-Security:
      - max-age=31536000; includeSubDomains; preload
      Cf-Cache-Status:
      - DYNAMIC
      Set-Cookie:
      - __cf_bm=MZuQt2ZnZjxNyLgqOSXqcIbQwz.eHZxq7Ci._hQsRb0-1747274210-1.0.1.1-xCqP5ye53pxX6kmaKWh87gkAS30PHPjRGUMogsQv_m_kH0aoTYxuGfup6JcRdduB9_IHbQJ4.E64v8gLLjR2SZk_RuxqZM8OGyLQxnynAjc;
        path=/; expires=Thu, 15-May-25 02:26:50 GMT; domain=.api.openai.com; HttpOnly;
        Secure; SameSite=None
      - _cfuvid=MAZT_jsTJlsHp3Y8CgfztQ4SCsJcKej0jepyzIFiZC0-1747274210124-0.0.1.1-604800000;
        path=/; domain=.api.openai.com; HttpOnly; Secure; SameSite=None
      X-Content-Type-Options:
      - nosniff
      Server:
      - cloudflare
      Cf-Ray:
      - 93ff055e4f071aac-GRU
      Alt-Svc:
      - h3=":443"; ma=86400
    body:
      encoding: ASCII-8BIT
      string: |
        {
          "id": "chatcmpl-BXI81TDVntepgFUNrPiP99cY8jYtT",
          "object": "chat.completion",
          "created": 1747274209,
          "model": "gpt-4o-mini-2024-07-18",
          "choices": [
            {
              "index": 0,
              "message": {
                "role": "assistant",
                "content": "The command to get the current date has been executed successfully. Please check your system to see the output.",
                "refusal": null,
                "annotations": []
              },
              "logprobs": null,
              "finish_reason": "stop"
            }
          ],
          "usage": {
            "prompt_tokens": 81,
            "completion_tokens": 22,
            "total_tokens": 103,
            "prompt_tokens_details": {
              "cached_tokens": 0,
              "audio_tokens": 0
            },
            "completion_tokens_details": {
              "reasoning_tokens": 0,
              "audio_tokens": 0,
              "accepted_prediction_tokens": 0,
              "rejected_prediction_tokens": 0
            }
          },
          "service_tier": "default",
          "system_fingerprint": "fp_0392822090"
        }
  recorded_at: Thu, 15 May 2025 01:56:47 GMT
recorded_with: VCR 6.3.1
