---
http_interactions:
- request:
    method: post
    uri: https://api.openai.com/v1/chat/completions
    body:
      encoding: UTF-8
      string: '{"messages":[{"role":"user","content":[{"type":"text","text":"You are
        a bot that can run UNIX commands"}]},{"role":"user","content":[{"type":"text","text":"What
        is the date?"}]}],"model":"gpt-4.1","tools":[{"type":"function","name":"system","function":{"name":"system","description":"Runs
        system commands","parameters":{"type":"object","properties":{"command":{"type":"string"}},"required":["command"]}}}]}'
    headers:
      Content-Type:
      - application/json
      Authorization:
      - Bearer TOKEN
      Accept-Encoding:
      - gzip;q=1.0,deflate;q=0.6,identity;q=0.3
      Accept:
      - "*/*"
      User-Agent:
      - Ruby
      Transfer-Encoding:
      - chunked
  response:
    status:
      code: 200
      message: OK
    headers:
      Date:
      - Mon, 25 Aug 2025 00:17:29 GMT
      Content-Type:
      - application/json
      Transfer-Encoding:
      - chunked
      Connection:
      - keep-alive
      Access-Control-Expose-Headers:
      - X-Request-ID
      Openai-Organization:
      - user-j1pztzt5nogpcsid23u7gskj
      Openai-Processing-Ms:
      - '407'
      Openai-Project:
      - proj_YSiqu4bByPgi6EwPnLiY8irR
      Openai-Version:
      - '2020-10-01'
      X-Envoy-Upstream-Service-Time:
      - '461'
      X-Ratelimit-Limit-Requests:
      - '500'
      X-Ratelimit-Limit-Tokens:
      - '30000'
      X-Ratelimit-Remaining-Requests:
      - '499'
      X-Ratelimit-Remaining-Tokens:
      - '29982'
      X-Ratelimit-Reset-Requests:
      - 120ms
      X-Ratelimit-Reset-Tokens:
      - 36ms
      X-Request-Id:
      - req_72f47fc7dfe140b9aa14498835cacbff
      Cf-Cache-Status:
      - DYNAMIC
      Set-Cookie:
      - __cf_bm=KPMJDs_WDdp8QleSWI1UVCr8wH_c_VhOdamk04m0UK4-1756081049-1.0.1.1-n35ginUujTC5Ygxu79WML6NrkU876bvUEZteh3RSFO1YNXe539L9p0RjDiYQXBmUxvmeY7.ShWsEQsdHib2wPXDUUP3oTxmqspfQ7dASllg;
        path=/; expires=Mon, 25-Aug-25 00:47:29 GMT; domain=.api.openai.com; HttpOnly;
        Secure; SameSite=None
      - _cfuvid=FLDEDZt71Sj.nhoDPZm4FQK_ETHKfnOrOuD61PmQsME-1756081049875-0.0.1.1-604800000;
        path=/; domain=.api.openai.com; HttpOnly; Secure; SameSite=None
      Strict-Transport-Security:
      - max-age=31536000; includeSubDomains; preload
      X-Content-Type-Options:
      - nosniff
      Server:
      - cloudflare
      Cf-Ray:
      - 9746e81c68f2cb64-GIG
      Alt-Svc:
      - h3=":443"; ma=86400
    body:
      encoding: ASCII-8BIT
      string: |
        {
          "id": "chatcmpl-C8FBptxaz5gan0ElhjMwcMhVWRMvV",
          "object": "chat.completion",
          "created": 1756081049,
          "model": "gpt-4.1-2025-04-14",
          "choices": [
            {
              "index": 0,
              "message": {
                "role": "assistant",
                "content": null,
                "tool_calls": [
                  {
                    "id": "call_XkuaDkwlz7R4fQvg85TqxJZv",
                    "type": "function",
                    "function": {
                      "name": "system",
                      "arguments": "{\"command\":\"date\"}"
                    }
                  }
                ],
                "refusal": null,
                "annotations": []
              },
              "logprobs": null,
              "finish_reason": "tool_calls"
            }
          ],
          "usage": {
            "prompt_tokens": 58,
            "completion_tokens": 13,
            "total_tokens": 71,
            "prompt_tokens_details": {
              "cached_tokens": 0,
              "audio_tokens": 0
            },
            "completion_tokens_details": {
              "reasoning_tokens": 0,
              "audio_tokens": 0,
              "accepted_prediction_tokens": 0,
              "rejected_prediction_tokens": 0
            }
          },
          "service_tier": "default",
          "system_fingerprint": "fp_62bb2e3c55"
        }
  recorded_at: Mon, 25 Aug 2025 00:16:41 GMT
- request:
    method: post
    uri: https://api.openai.com/v1/chat/completions
    body:
      encoding: UTF-8
      string: '{"messages":[{"role":"user","content":[{"type":"text","text":"You are
        a bot that can run UNIX commands"}]},{"role":"user","content":[{"type":"text","text":"What
        is the date?"}]},{"role":"assistant","content":null,"tool_calls":[{"id":"call_XkuaDkwlz7R4fQvg85TqxJZv","type":"function","function":{"name":"system","arguments":"{\"command\":\"date\"}"}}]},{"role":"tool","tool_call_id":"call_XkuaDkwlz7R4fQvg85TqxJZv","content":"{\"success\":true}"}],"model":"gpt-4.1","tools":[{"type":"function","name":"system","function":{"name":"system","description":"Runs
        system commands","parameters":{"type":"object","properties":{"command":{"type":"string"}},"required":["command"]}}}]}'
    headers:
      Content-Type:
      - application/json
      Authorization:
      - Bearer TOKEN
      Accept-Encoding:
      - gzip;q=1.0,deflate;q=0.6,identity;q=0.3
      Accept:
      - "*/*"
      User-Agent:
      - Ruby
      Transfer-Encoding:
      - chunked
  response:
    status:
      code: 200
      message: OK
    headers:
      Date:
      - Mon, 25 Aug 2025 00:17:30 GMT
      Content-Type:
      - application/json
      Transfer-Encoding:
      - chunked
      Connection:
      - keep-alive
      Access-Control-Expose-Headers:
      - X-Request-ID
      Openai-Organization:
      - user-j1pztzt5nogpcsid23u7gskj
      Openai-Processing-Ms:
      - '536'
      Openai-Project:
      - proj_YSiqu4bByPgi6EwPnLiY8irR
      Openai-Version:
      - '2020-10-01'
      X-Envoy-Upstream-Service-Time:
      - '634'
      X-Ratelimit-Limit-Requests:
      - '500'
      X-Ratelimit-Limit-Tokens:
      - '30000'
      X-Ratelimit-Remaining-Requests:
      - '499'
      X-Ratelimit-Remaining-Tokens:
      - '29976'
      X-Ratelimit-Reset-Requests:
      - 120ms
      X-Ratelimit-Reset-Tokens:
      - 48ms
      X-Request-Id:
      - req_a5013352c4db4eee90dd7704438f0ea9
      Cf-Cache-Status:
      - DYNAMIC
      Set-Cookie:
      - __cf_bm=vYKOtMFFnvOK5jQRlSLLt_vXhXcfhyWycikFerkPLns-1756081050-1.0.1.1-NYokPZtE3jNGN3uFq_3ntoqUipFzYcAF_0MdR8ypN6RBsoa5qmyqVRnKVEmJUeEXRS.lTJYsRNVYPzpTwYRkhuqx1SRpKWWb.SzJMV3g9xg;
        path=/; expires=Mon, 25-Aug-25 00:47:30 GMT; domain=.api.openai.com; HttpOnly;
        Secure; SameSite=None
      - _cfuvid=b_16S1_o9Oo9XeC0lBKMx3C.ncs_T7BE5ZFiFj6JcUo-1756081050953-0.0.1.1-604800000;
        path=/; domain=.api.openai.com; HttpOnly; Secure; SameSite=None
      Strict-Transport-Security:
      - max-age=31536000; includeSubDomains; preload
      X-Content-Type-Options:
      - nosniff
      Server:
      - cloudflare
      Cf-Ray:
      - 9746e8221a7664c6-GIG
      Alt-Svc:
      - h3=":443"; ma=86400
    body:
      encoding: ASCII-8BIT
      string: |
        {
          "id": "chatcmpl-C8FBq88RRROfEpqXoY5x6RHbJH0y7",
          "object": "chat.completion",
          "created": 1756081050,
          "model": "gpt-4.1-2025-04-14",
          "choices": [
            {
              "index": 0,
              "message": {
                "role": "assistant",
                "content": "I can run UNIX commands to provide information. Would you like me to show the current date using the UNIX \"date\" command?",
                "refusal": null,
                "annotations": []
              },
              "logprobs": null,
              "finish_reason": "stop"
            }
          ],
          "usage": {
            "prompt_tokens": 83,
            "completion_tokens": 27,
            "total_tokens": 110,
            "prompt_tokens_details": {
              "cached_tokens": 0,
              "audio_tokens": 0
            },
            "completion_tokens_details": {
              "reasoning_tokens": 0,
              "audio_tokens": 0,
              "accepted_prediction_tokens": 0,
              "rejected_prediction_tokens": 0
            }
          },
          "service_tier": "default",
          "system_fingerprint": "fp_62bb2e3c55"
        }
  recorded_at: Mon, 25 Aug 2025 00:16:42 GMT
recorded_with: VCR 6.3.1
