---
http_interactions:
- request:
    method: post
    uri: https://api.openai.com/v1/chat/completions
    body:
      encoding: UTF-8
      string: '{"messages":[{"role":"user","content":[{"type":"text","text":"You are
        a bot that can run UNIX system commands"}]},{"role":"user","content":[{"type":"text","text":"Hey,
        run the ''date'' command"}]}],"model":"gpt-4o-mini","tools":[{"type":"function","name":"system","function":{"name":"system","description":"Runs
        system commands","parameters":{"type":"object","properties":{"command":{"type":"string"}},"required":["command"]}}}]}'
    headers:
      Content-Type:
      - application/json
      Authorization:
      - Bearer TOKEN
      Accept-Encoding:
      - gzip;q=1.0,deflate;q=0.6,identity;q=0.3
      Accept:
      - "*/*"
      User-Agent:
      - Ruby
      Transfer-Encoding:
      - chunked
  response:
    status:
      code: 200
      message: OK
    headers:
      Date:
      - Tue, 03 Jun 2025 03:39:24 GMT
      Content-Type:
      - application/json
      Transfer-Encoding:
      - chunked
      Connection:
      - keep-alive
      Access-Control-Expose-Headers:
      - X-Request-ID
      Openai-Organization:
      - user-j1pztzt5nogpcsid23u7gskj
      Openai-Processing-Ms:
      - '404'
      Openai-Version:
      - '2020-10-01'
      X-Envoy-Upstream-Service-Time:
      - '410'
      X-Ratelimit-Limit-Requests:
      - '10000'
      X-Ratelimit-Limit-Tokens:
      - '200000'
      X-Ratelimit-Remaining-Requests:
      - '9995'
      X-Ratelimit-Remaining-Tokens:
      - '199978'
      X-Ratelimit-Reset-Requests:
      - 41.238s
      X-Ratelimit-Reset-Tokens:
      - 6ms
      X-Request-Id:
      - req_bcad4eb60ffbf795f04a21aca364c1c9
      Strict-Transport-Security:
      - max-age=31536000; includeSubDomains; preload
      Cf-Cache-Status:
      - DYNAMIC
      Set-Cookie:
      - __cf_bm=d9Kzjw5g3wGs44UO6ISdogemmzIlHqikN1QXIHb7phE-1748921964-1.0.1.1-2pKBZitgfiF2jyEbONKQBATXq.jHLWeWR90wQqIVIE9.wZh8i0QhjJpuJp_uBmZ.jE7G__pHJvWku2FbOxLicViNPUnX46v8qBX4hueSnOY;
        path=/; expires=Tue, 03-Jun-25 04:09:24 GMT; domain=.api.openai.com; HttpOnly;
        Secure; SameSite=None
      - _cfuvid=3sYNyadMUfYT0HDnlx0LeDjpdyZclgsUypBaZ.vuAVs-1748921964189-0.0.1.1-604800000;
        path=/; domain=.api.openai.com; HttpOnly; Secure; SameSite=None
      X-Content-Type-Options:
      - nosniff
      Server:
      - cloudflare
      Cf-Ray:
      - 949c29beb8d452ee-GRU
      Alt-Svc:
      - h3=":443"; ma=86400
    body:
      encoding: ASCII-8BIT
      string: |
        {
          "id": "chatcmpl-BeCmhsaUCb5CpnoKNr76M4ulH4ZZC",
          "object": "chat.completion",
          "created": 1748921963,
          "model": "gpt-4o-mini-2024-07-18",
          "choices": [
            {
              "index": 0,
              "message": {
                "role": "assistant",
                "content": null,
                "tool_calls": [
                  {
                    "id": "call_eElwJGi4HpjalP7vnIFVDIN5",
                    "type": "function",
                    "function": {
                      "name": "system",
                      "arguments": "{\"command\":\"date\"}"
                    }
                  }
                ],
                "refusal": null,
                "annotations": []
              },
              "logprobs": null,
              "finish_reason": "tool_calls"
            }
          ],
          "usage": {
            "prompt_tokens": 62,
            "completion_tokens": 13,
            "total_tokens": 75,
            "prompt_tokens_details": {
              "cached_tokens": 0,
              "audio_tokens": 0
            },
            "completion_tokens_details": {
              "reasoning_tokens": 0,
              "audio_tokens": 0,
              "accepted_prediction_tokens": 0,
              "rejected_prediction_tokens": 0
            }
          },
          "service_tier": "default",
          "system_fingerprint": "fp_34a54ae93c"
        }
  recorded_at: Tue, 03 Jun 2025 03:39:13 GMT
- request:
    method: post
    uri: https://api.openai.com/v1/chat/completions
    body:
      encoding: UTF-8
      string: '{"messages":[{"role":"user","content":[{"type":"text","text":"You are
        a bot that can run UNIX system commands"}]},{"role":"user","content":[{"type":"text","text":"Hey,
        run the ''date'' command"}]},{"role":"assistant","content":null,"tool_calls":[{"id":"call_eElwJGi4HpjalP7vnIFVDIN5","type":"function","function":{"name":"system","arguments":"{\"command\":\"date\"}"}}]},{"role":"tool","tool_call_id":"call_eElwJGi4HpjalP7vnIFVDIN5","content":"{\"success\":true}"}],"model":"gpt-4o-mini","tools":[{"type":"function","name":"system","function":{"name":"system","description":"Runs
        system commands","parameters":{"type":"object","properties":{"command":{"type":"string"}},"required":["command"]}}}]}'
    headers:
      Content-Type:
      - application/json
      Authorization:
      - Bearer TOKEN
      Accept-Encoding:
      - gzip;q=1.0,deflate;q=0.6,identity;q=0.3
      Accept:
      - "*/*"
      User-Agent:
      - Ruby
      Transfer-Encoding:
      - chunked
  response:
    status:
      code: 200
      message: OK
    headers:
      Date:
      - Tue, 03 Jun 2025 03:39:25 GMT
      Content-Type:
      - application/json
      Transfer-Encoding:
      - chunked
      Connection:
      - keep-alive
      Access-Control-Expose-Headers:
      - X-Request-ID
      Openai-Organization:
      - user-j1pztzt5nogpcsid23u7gskj
      Openai-Processing-Ms:
      - '453'
      Openai-Version:
      - '2020-10-01'
      X-Envoy-Upstream-Service-Time:
      - '459'
      X-Ratelimit-Limit-Requests:
      - '10000'
      X-Ratelimit-Limit-Tokens:
      - '200000'
      X-Ratelimit-Remaining-Requests:
      - '9994'
      X-Ratelimit-Remaining-Tokens:
      - '199971'
      X-Ratelimit-Reset-Requests:
      - 49.001s
      X-Ratelimit-Reset-Tokens:
      - 8ms
      X-Request-Id:
      - req_49c1c50ae0ff3a10388f5e0845dad053
      Strict-Transport-Security:
      - max-age=31536000; includeSubDomains; preload
      Cf-Cache-Status:
      - DYNAMIC
      Set-Cookie:
      - __cf_bm=dt1u_qcDHtMMXPKnbVAC7MkSYe3TWXKgWPK6.iFqeaE-1748921965-1.0.1.1-1qVm_zI9zrzNBrzC6sR7BNv9sDZQ33m8MkgzovAaDrJLJ0KKe7uMCFDteL7NwyV2l.bFcPtLHy8ak_.n8pEKKLkbtCbYKT9veK_8DlszjeA;
        path=/; expires=Tue, 03-Jun-25 04:09:25 GMT; domain=.api.openai.com; HttpOnly;
        Secure; SameSite=None
      - _cfuvid=I46avrtHoLNeqWtNHJz4fazcohy_TlFo4SwJf8zr1io-1748921965122-0.0.1.1-604800000;
        path=/; domain=.api.openai.com; HttpOnly; Secure; SameSite=None
      X-Content-Type-Options:
      - nosniff
      Server:
      - cloudflare
      Cf-Ray:
      - 949c29c4ac160130-GRU
      Alt-Svc:
      - h3=":443"; ma=86400
    body:
      encoding: ASCII-8BIT
      string: |
        {
          "id": "chatcmpl-BeCmiDWPIkKJyQicKBFczPxGOwNRq",
          "object": "chat.completion",
          "created": 1748921964,
          "model": "gpt-4o-mini-2024-07-18",
          "choices": [
            {
              "index": 0,
              "message": {
                "role": "assistant",
                "content": "The command was executed successfully. If you need the current date and time output, please let me know!",
                "refusal": null,
                "annotations": []
              },
              "logprobs": null,
              "finish_reason": "stop"
            }
          ],
          "usage": {
            "prompt_tokens": 87,
            "completion_tokens": 22,
            "total_tokens": 109,
            "prompt_tokens_details": {
              "cached_tokens": 0,
              "audio_tokens": 0
            },
            "completion_tokens_details": {
              "reasoning_tokens": 0,
              "audio_tokens": 0,
              "accepted_prediction_tokens": 0,
              "rejected_prediction_tokens": 0
            }
          },
          "service_tier": "default",
          "system_fingerprint": "fp_34a54ae93c"
        }
  recorded_at: Tue, 03 Jun 2025 03:39:14 GMT
recorded_with: VCR 6.3.1
